// !$*UTF8*$!
{
	archiveVersion = 1;
	classes = {
	};
	objectVersion = 50;
	objects = {

/* Begin PBXBuildFile section */
		FAC746A727762724009AA148 /* AppDelegate.swift in Sources */ = {isa = PBXBuildFile; fileRef = FAC746A627762724009AA148 /* AppDelegate.swift */; };
		FAC746A927762724009AA148 /* SceneDelegate.swift in Sources */ = {isa = PBXBuildFile; fileRef = FAC746A827762724009AA148 /* SceneDelegate.swift */; };
		FAC746AB27762724009AA148 /* ViewController.swift in Sources */ = {isa = PBXBuildFile; fileRef = FAC746AA27762724009AA148 /* ViewController.swift */; };
		FAC746AE27762724009AA148 /* Main.storyboard in Resources */ = {isa = PBXBuildFile; fileRef = FAC746AC27762724009AA148 /* Main.storyboard */; };
		FAC746B127762724009AA148 /* AppForTryingThings.xcdatamodeld in Sources */ = {isa = PBXBuildFile; fileRef = FAC746AF27762724009AA148 /* AppForTryingThings.xcdatamodeld */; };
		FAC746B32776273C009AA148 /* Assets.xcassets in Resources */ = {isa = PBXBuildFile; fileRef = FAC746B22776273C009AA148 /* Assets.xcassets */; };
		FAC746B62776273C009AA148 /* LaunchScreen.storyboard in Resources */ = {isa = PBXBuildFile; fileRef = FAC746B42776273C009AA148 /* LaunchScreen.storyboard */; };
/* End PBXBuildFile section */

/* Begin PBXFileReference section */
		FAC746A327762724009AA148 /* AppForTryingThings.app */ = {isa = PBXFileReference; explicitFileType = wrapper.application; includeInIndex = 0; path = AppForTryingThings.app; sourceTree = BUILT_PRODUCTS_DIR; };
		FAC746A627762724009AA148 /* AppDelegate.swift */ = {isa = PBXFileReference; lastKnownFileType = sourcecode.swift; path = AppDelegate.swift; sourceTree = "<group>"; };
		FAC746A827762724009AA148 /* SceneDelegate.swift */ = {isa = PBXFileReference; lastKnownFileType = sourcecode.swift; path = SceneDelegate.swift; sourceTree = "<group>"; };
		FAC746AA27762724009AA148 /* ViewController.swift */ = {isa = PBXFileReference; lastKnownFileType = sourcecode.swift; path = ViewController.swift; sourceTree = "<group>"; };
		FAC746AD27762724009AA148 /* Base */ = {isa = PBXFileReference; lastKnownFileType = file.storyboard; name = Base; path = Base.lproj/Main.storyboard; sourceTree = "<group>"; };
		FAC746B027762724009AA148 /* AppForTryingThings.xcdatamodel */ = {isa = PBXFileReference; lastKnownFileType = wrapper.xcdatamodel; path = AppForTryingThings.xcdatamodel; sourceTree = "<group>"; };
		FAC746B22776273C009AA148 /* Assets.xcassets */ = {isa = PBXFileReference; lastKnownFileType = folder.assetcatalog; path = Assets.xcassets; sourceTree = "<group>"; };
		FAC746B52776273C009AA148 /* Base */ = {isa = PBXFileReference; lastKnownFileType = file.storyboard; name = Base; path = Base.lproj/LaunchScreen.storyboard; sourceTree = "<group>"; };
		FAC746B72776273C009AA148 /* Info.plist */ = {isa = PBXFileReference; lastKnownFileType = text.plist.xml; path = Info.plist; sourceTree = "<group>"; };
/* End PBXFileReference section */

/* Begin PBXFrameworksBuildPhase section */
		FAC746A027762724009AA148 /* Frameworks */ = {
			isa = PBXFrameworksBuildPhase;
			buildActionMask = 2147483647;
			files = (
			);
			runOnlyForDeploymentPostprocessing = 0;
		};
/* End PBXFrameworksBuildPhase section */

/* Begin PBXGroup section */
		FAC7469A27762724009AA148 = {
			isa = PBXGroup;
			children = (
				FAC746A527762724009AA148 /* AppForTryingThings */,
				FAC746A427762724009AA148 /* Products */,
			);
			sourceTree = "<group>";
		};
		FAC746A427762724009AA148 /* Products */ = {
			isa = PBXGroup;
			children = (
				FAC746A327762724009AA148 /* AppForTryingThings.app */,
			);
			name = Products;
			sourceTree = "<group>";
		};
		FAC746A527762724009AA148 /* AppForTryingThings */ = {
			isa = PBXGroup;
			children = (
				FAC746A627762724009AA148 /* AppDelegate.swift */,
				FAC746A827762724009AA148 /* SceneDelegate.swift */,
				FAC746AA27762724009AA148 /* ViewController.swift */,
				FAC746AC27762724009AA148 /* Main.storyboard */,
				FAC746B22776273C009AA148 /* Assets.xcassets */,
				FAC746B42776273C009AA148 /* LaunchScreen.storyboard */,
				FAC746B72776273C009AA148 /* Info.plist */,
				FAC746AF27762724009AA148 /* AppForTryingThings.xcdatamodeld */,
			);
			path = AppForTryingThings;
			sourceTree = "<group>";
		};
/* End PBXGroup section */

/* Begin PBXNativeTarget section */
		FAC746A227762724009AA148 /* AppForTryingThings */ = {
			isa = PBXNativeTarget;
			buildConfigurationList = FAC746BA2776273C009AA148 /* Build configuration list for PBXNativeTarget "AppForTryingThings" */;
			buildPhases = (
				FAC7469F27762724009AA148 /* Sources */,
				FAC746A027762724009AA148 /* Frameworks */,
				FAC746A127762724009AA148 /* Resources */,
			);
			buildRules = (
			);
			dependencies = (
			);
			name = AppForTryingThings;
			productName = AppForTryingThings;
			productReference = FAC746A327762724009AA148 /* AppForTryingThings.app */;
			productType = "com.apple.product-type.application";
		};
/* End PBXNativeTarget section */

/* Begin PBXProject section */
		FAC7469B27762724009AA148 /* Project object */ = {
			isa = PBXProject;
			attributes = {
				LastSwiftUpdateCheck = 1240;
				LastUpgradeCheck = 1240;
				TargetAttributes = {
					FAC746A227762724009AA148 = {
						CreatedOnToolsVersion = 12.4;
					};
				};
			};
			buildConfigurationList = FAC7469E27762724009AA148 /* Build configuration list for PBXProject "AppForTryingThings" */;
			compatibilityVersion = "Xcode 9.3";
			developmentRegion = en;
			hasScannedForEncodings = 0;
			knownRegions = (
				en,
				Base,
			);
			mainGroup = FAC7469A27762724009AA148;
			productRefGroup = FAC746A427762724009AA148 /* Products */;
			projectDirPath = "";
			projectRoot = "";
			targets = (
				FAC746A227762724009AA148 /* AppForTryingThings */,
			);
		};
/* End PBXProject section */

/* Begin PBXResourcesBuildPhase section */
		FAC746A127762724009AA148 /* Resources */ = {
			isa = PBXResourcesBuildPhase;
			buildActionMask = 2147483647;
			files = (
				FAC746B62776273C009AA148 /* LaunchScreen.storyboard in Resources */,
				FAC746B32776273C009AA148 /* Assets.xcassets in Resources */,
				FAC746AE27762724009AA148 /* Main.storyboard in Resources */,
			);
			runOnlyForDeploymentPostprocessing = 0;
		};
/* End PBXResourcesBuildPhase section */

/* Begin PBXSourcesBuildPhase section */
		FAC7469F27762724009AA148 /* Sources */ = {
			isa = PBXSourcesBuildPhase;
			buildActionMask = 2147483647;
			files = (
				FAC746AB27762724009AA148 /* ViewController.swift in Sources */,
				FAC746B127762724009AA148 /* AppForTryingThings.xcdatamodeld in Sources */,
				FAC746A727762724009AA148 /* AppDelegate.swift in Sources */,
				FAC746A927762724009AA148 /* SceneDelegate.swift in Sources */,
			);
			runOnlyForDeploymentPostprocessing = 0;
		};
/* End PBXSourcesBuildPhase section */

/* Begin PBXVariantGroup section */
		FAC746AC27762724009AA148 /* Main.storyboard */ = {
			isa = PBXVariantGroup;
			children = (
				FAC746AD27762724009AA148 /* Base */,
			);
			name = Main.storyboard;
			sourceTree = "<group>";
		};
		FAC746B42776273C009AA148 /* LaunchScreen.storyboard */ = {
			isa = PBXVariantGroup;
			children = (
				FAC746B52776273C009AA148 /* Base */,
			);
			name = LaunchScreen.storyboard;
			sourceTree = "<group>";
		};
/* End PBXVariantGroup section */

/* Begin XCBuildConfiguration section */
		FAC746B82776273C009AA148 /* Debug */ = {
			isa = XCBuildConfiguration;
			buildSettings = {
				ALWAYS_SEARCH_USER_PATHS = NO;
				CLANG_ANALYZER_NONNULL = YES;
				CLANG_ANALYZER_NUMBER_OBJECT_CONVERSION = YES_AGGRESSIVE;
				CLANG_CXX_LANGUAGE_STANDARD = "gnu++14";
				CLANG_CXX_LIBRARY = "libc++";
				CLANG_ENABLE_MODULES = YES;
				CLANG_ENABLE_OBJC_ARC = YES;
				CLANG_ENABLE_OBJC_WEAK = YES;
				CLANG_WARN_BLOCK_CAPTURE_AUTORELEASING = YES;
				CLANG_WARN_BOOL_CONVERSION = YES;
				CLANG_WARN_COMMA = YES;
				CLANG_WARN_CONSTANT_CONVERSION = YES;
				CLANG_WARN_DEPRECATED_OBJC_IMPLEMENTATIONS = YES;
				CLANG_WARN_DIRECT_OBJC_ISA_USAGE = YES_ERROR;
				CLANG_WARN_DOCUMENTATION_COMMENTS = YES;
				CLANG_WARN_EMPTY_BODY = YES;
				CLANG_WARN_ENUM_CONVERSION = YES;
				CLANG_WARN_INFINITE_RECURSION = YES;
				CLANG_WARN_INT_CONVERSION = YES;
				CLANG_WARN_NON_LITERAL_NULL_CONVERSION = YES;
				CLANG_WARN_OBJC_IMPLICIT_RETAIN_SELF = YES;
				CLANG_WARN_OBJC_LITERAL_CONVERSION = YES;
				CLANG_WARN_OBJC_ROOT_CLASS = YES_ERROR;
				CLANG_WARN_QUOTED_INCLUDE_IN_FRAMEWORK_HEADER = YES;
				CLANG_WARN_RANGE_LOOP_ANALYSIS = YES;
				CLANG_WARN_STRICT_PROTOTYPES = YES;
				CLANG_WARN_SUSPICIOUS_MOVE = YES;
				CLANG_WARN_UNGUARDED_AVAILABILITY = YES_AGGRESSIVE;
				CLANG_WARN_UNREACHABLE_CODE = YES;
				CLANG_WARN__DUPLICATE_METHOD_MATCH = YES;
				COPY_PHASE_STRIP = NO;
				DEBUG_INFORMATION_FORMAT = dwarf;
				ENABLE_STRICT_OBJC_MSGSEND = YES;
				ENABLE_TESTABILITY = YES;
				GCC_C_LANGUAGE_STANDARD = gnu11;
				GCC_DYNAMIC_NO_PIC = NO;
				GCC_NO_COMMON_BLOCKS = YES;
				GCC_OPTIMIZATION_LEVEL = 0;
				GCC_PREPROCESSOR_DEFINITIONS = (
					"DEBUG=1",
					"$(inherited)",
				);
				GCC_WARN_64_TO_32_BIT_CONVERSION = YES;
				GCC_WARN_ABOUT_RETURN_TYPE = YES_ERROR;
				GCC_WARN_UNDECLARED_SELECTOR = YES;
				GCC_WARN_UNINITIALIZED_AUTOS = YES_AGGRESSIVE;
				GCC_WARN_UNUSED_FUNCTION = YES;
				GCC_WARN_UNUSED_VARIABLE = YES;
				IPHONEOS_DEPLOYMENT_TARGET = 14.4;
				MTL_ENABLE_DEBUG_INFO = INCLUDE_SOURCE;
				MTL_FAST_MATH = YES;
				ONLY_ACTIVE_ARCH = YES;
				SDKROOT = iphoneos;
				SWIFT_ACTIVE_COMPILATION_CONDITIONS = DEBUG;
				SWIFT_OPTIMIZATION_LEVEL = "-Onone";
			};
			name = Debug;
		};
		FAC746B92776273C009AA148 /* Release */ = {
			isa = XCBuildConfiguration;
			buildSettings = {
				ALWAYS_SEARCH_USER_PATHS = NO;
				CLANG_ANALYZER_NONNULL = YES;
				CLANG_ANALYZER_NUMBER_OBJECT_CONVERSION = YES_AGGRESSIVE;
				CLANG_CXX_LANGUAGE_STANDARD = "gnu++14";
				CLANG_CXX_LIBRARY = "libc++";
				CLANG_ENABLE_MODULES = YES;
				CLANG_ENABLE_OBJC_ARC = YES;
				CLANG_ENABLE_OBJC_WEAK = YES;
				CLANG_WARN_BLOCK_CAPTURE_AUTORELEASING = YES;
				CLANG_WARN_BOOL_CONVERSION = YES;
				CLANG_WARN_COMMA = YES;
				CLANG_WARN_CONSTANT_CONVERSION = YES;
				CLANG_WARN_DEPRECATED_OBJC_IMPLEMENTATIONS = YES;
				CLANG_WARN_DIRECT_OBJC_ISA_USAGE = YES_ERROR;
				CLANG_WARN_DOCUMENTATION_COMMENTS = YES;
				CLANG_WARN_EMPTY_BODY = YES;
				CLANG_WARN_ENUM_CONVERSION = YES;
				CLANG_WARN_INFINITE_RECURSION = YES;
				CLANG_WARN_INT_CONVERSION = YES;
				CLANG_WARN_NON_LITERAL_NULL_CONVERSION = YES;
				CLANG_WARN_OBJC_IMPLICIT_RETAIN_SELF = YES;
				CLANG_WARN_OBJC_LITERAL_CONVERSION = YES;
				CLANG_WARN_OBJC_ROOT_CLASS = YES_ERROR;
				CLANG_WARN_QUOTED_INCLUDE_IN_FRAMEWORK_HEADER = YES;
				CLANG_WARN_RANGE_LOOP_ANALYSIS = YES;
				CLANG_WARN_STRICT_PROTOTYPES = YES;
				CLANG_WARN_SUSPICIOUS_MOVE = YES;
				CLANG_WARN_UNGUARDED_AVAILABILITY = YES_AGGRESSIVE;
				CLANG_WARN_UNREACHABLE_CODE = YES;
				CLANG_WARN__DUPLICATE_METHOD_MATCH = YES;
				COPY_PHASE_STRIP = NO;
				DEBUG_INFORMATION_FORMAT = "dwarf-with-dsym";
				ENABLE_NS_ASSERTIONS = NO;
				ENABLE_STRICT_OBJC_MSGSEND = YES;
				GCC_C_LANGUAGE_STANDARD = gnu11;
				GCC_NO_COMMON_BLOCKS = YES;
				GCC_WARN_64_TO_32_BIT_CONVERSION = YES;
				GCC_WARN_ABOUT_RETURN_TYPE = YES_ERROR;
				GCC_WARN_UNDECLARED_SELECTOR = YES;
				GCC_WARN_UNINITIALIZED_AUTOS = YES_AGGRESSIVE;
				GCC_WARN_UNUSED_FUNCTION = YES;
				GCC_WARN_UNUSED_VARIABLE = YES;
				IPHONEOS_DEPLOYMENT_TARGET = 14.4;
				MTL_ENABLE_DEBUG_INFO = NO;
				MTL_FAST_MATH = YES;
				SDKROOT = iphoneos;
				SWIFT_COMPILATION_MODE = wholemodule;
				SWIFT_OPTIMIZATION_LEVEL = "-O";
				VALIDATE_PRODUCT = YES;
			};
			name = Release;
		};
		FAC746BB2776273C009AA148 /* Debug */ = {
			isa = XCBuildConfiguration;
			buildSettings = {
				ASSETCATALOG_COMPILER_APPICON_NAME = AppIcon;
				ASSETCATALOG_COMPILER_GLOBAL_ACCENT_COLOR_NAME = AccentColor;
				CODE_SIGN_STYLE = Automatic;
				DEVELOPMENT_TEAM = G8488GQKLC;
				INFOPLIST_FILE = AppForTryingThings/Info.plist;
				LD_RUNPATH_SEARCH_PATHS = (
					"$(inherited)",
					"@executable_path/Frameworks",
				);
				PRODUCT_BUNDLE_IDENTIFIER = wohagy.AppForTryingThings;
				PRODUCT_NAME = "$(TARGET_NAME)";
				SWIFT_VERSION = 5.0;
				TARGETED_DEVICE_FAMILY = 1;
			};
			name = Debug;
		};
		FAC746BC2776273C009AA148 /* Release */ = {
			isa = XCBuildConfiguration;
			buildSettings = {
				ASSETCATALOG_COMPILER_APPICON_NAME = AppIcon;
				ASSETCATALOG_COMPILER_GLOBAL_ACCENT_COLOR_NAME = AccentColor;
				CODE_SIGN_STYLE = Automatic;
				DEVELOPMENT_TEAM = G8488GQKLC;
				INFOPLIST_FILE = AppForTryingThings/Info.plist;
				LD_RUNPATH_SEARCH_PATHS = (
					"$(inherited)",
					"@executable_path/Frameworks",
				);
				PRODUCT_BUNDLE_IDENTIFIER = wohagy.AppForTryingThings;
				PRODUCT_NAME = "$(TARGET_NAME)";
				SWIFT_VERSION = 5.0;
				TARGETED_DEVICE_FAMILY = 1;
			};
			name = Release;
		};
/* End XCBuildConfiguration section */

/* Begin XCConfigurationList section */
		FAC7469E27762724009AA148 /* Build configuration list for PBXProject "AppForTryingThings" */ = {
			isa = XCConfigurationList;
			buildConfigurations = (
				FAC746B82776273C009AA148 /* Debug */,
				FAC746B92776273C009AA148 /* Release */,
			);
			defaultConfigurationIsVisible = 0;
			defaultConfigurationName = Release;
		};
		FAC746BA2776273C009AA148 /* Build configuration list for PBXNativeTarget "AppForTryingThings" */ = {
			isa = XCConfigurationList;
			buildConfigurations = (
				FAC746BB2776273C009AA148 /* Debug */,
				FAC746BC2776273C009AA148 /* Release */,
			);
			defaultConfigurationIsVisible = 0;
			defaultConfigurationName = Release;
		};
/* End XCConfigurationList section */

/* Begin XCVersionGroup section */
		FAC746AF27762724009AA148 /* AppForTryingThings.xcdatamodeld */ = {
			isa = XCVersionGroup;
			children = (
				FAC746B027762724009AA148 /* AppForTryingThings.xcdatamodel */,
			);
			currentVersion = FAC746B027762724009AA148 /* AppForTryingThings.xcdatamodel */;
			path = AppForTryingThings.xcdatamodeld;
			sourceTree = "<group>";
			versionGroupType = wrapper.xcdatamodel;
		};
/* End XCVersionGroup section */
	};
	rootObject = FAC7469B27762724009AA148 /* Project object */;
}
